
Microsoft Visual Studio Solution File, Format Version 12.00
Project("{FAE04EC0-301F-11D3-BF4B-00C04F79EFBC}") = "UnscheduleDemo.Api", "UnscheduleDemo.Api\UnscheduleDemo.Api.csproj", "{9CA95604-02D7-494B-994A-1B7D67436B2E}"
EndProject
Global
	GlobalSection(SolutionConfigurationPlatforms) = preSolution
		Debug|Any CPU = Debug|Any CPU
		Release|Any CPU = Release|Any CPU
	EndGlobalSection
	GlobalSection(ProjectConfigurationPlatforms) = postSolution
		{9CA95604-02D7-494B-994A-1B7D67436B2E}.Debug|Any CPU.ActiveCfg = Debug|Any CPU
		{9CA95604-02D7-494B-994A-1B7D67436B2E}.Debug|Any CPU.Build.0 = Debug|Any CPU
		{9CA95604-02D7-494B-994A-1B7D67436B2E}.Release|Any CPU.ActiveCfg = Release|Any CPU
		{9CA95604-02D7-494B-994A-1B7D67436B2E}.Release|Any CPU.Build.0 = Release|Any CPU
	EndGlobalSection
EndGlobal
